
Microsoft Visual Studio Solution File, Format Version 12.00
# Visual Studio Version 17
VisualStudioVersion = 17.11.35222.181
MinimumVisualStudioVersion = 10.0.40219.1
Project("{FAE04EC0-301F-11D3-BF4B-00C04F79EFBC}") = "Auth", "Auth\Auth.csproj", "{AB57705A-B74C-47E6-8795-BDBD3724A568}"
EndProject
Global
	GlobalSection(SolutionConfigurationPlatforms) = preSolution
		Debug|Any CPU = Debug|Any CPU
		Release|Any CPU = Release|Any CPU
	EndGlobalSection
	GlobalSection(ProjectConfigurationPlatforms) = postSolution
		{AB57705A-B74C-47E6-8795-BDBD3724A568}.Debug|Any CPU.ActiveCfg = Debug|Any CPU
		{AB57705A-B74C-47E6-8795-BDBD3724A568}.Debug|Any CPU.Build.0 = Debug|Any CPU
		{AB57705A-B74C-47E6-8795-BDBD3724A568}.Release|Any CPU.ActiveCfg = Release|Any CPU
		{AB57705A-B74C-47E6-8795-BDBD3724A568}.Release|Any CPU.Build.0 = Release|Any CPU
	EndGlobalSection
	GlobalSection(SolutionProperties) = preSolution
		HideSolutionNode = FALSE
	EndGlobalSection
	GlobalSection(ExtensibilityGlobals) = postSolution
		SolutionGuid = {72A0589F-E24E-41C9-8D86-4E5AF5E885F1}
	EndGlobalSection
EndGlobal
